{
  "name": "express-backpack-babel-starting-boilerplate",
  "version": "3.0.1",
  "lockfileVersion": 1,
  "requires": true,
  "dependencies": {
    "kjua": {
      "version": "0.1.2",
      "resolved": "https://registry.npmjs.org/kjua/-/kjua-0.1.2.tgz",
      "integrity": "sha1-Zx+qB6AcKevVLOSFFWUMT6w91dk="
    }
  }
}
